// !$*UTF8*$!
{
	archiveVersion = 1;
	classes = {
	};
	objectVersion = 46;
	objects = {

/* Begin PBXBuildFile section */
		B3F71A931DDB1BD40082020A /* AppDelegate.swift in Sources */ = {isa = PBXBuildFile; fileRef = B3F71A921DDB1BD40082020A /* AppDelegate.swift */; };
		B3F71A951DDB1BD40082020A /* ViewController.swift in Sources */ = {isa = PBXBuildFile; fileRef = B3F71A941DDB1BD40082020A /* ViewController.swift */; };
		B3F71A981DDB1BD40082020A /* Main.storyboard in Resources */ = {isa = PBXBuildFile; fileRef = B3F71A961DDB1BD40082020A /* Main.storyboard */; };
		B3F71A9A1DDB1BD40082020A /* Assets.xcassets in Resources */ = {isa = PBXBuildFile; fileRef = B3F71A991DDB1BD40082020A /* Assets.xcassets */; };
		B3F71A9D1DDB1BD40082020A /* LaunchScreen.storyboard in Resources */ = {isa = PBXBuildFile; fileRef = B3F71A9B1DDB1BD40082020A /* LaunchScreen.storyboard */; };
		B3F71AA81DDB1BD50082020A /* Image_From_String_OR_URLTests.swift in Sources */ = {isa = PBXBuildFile; fileRef = B3F71AA71DDB1BD50082020A /* Image_From_String_OR_URLTests.swift */; };
		B3F71AB31DDB1BD50082020A /* Image_From_String_OR_URLUITests.swift in Sources */ = {isa = PBXBuildFile; fileRef = B3F71AB21DDB1BD50082020A /* Image_From_String_OR_URLUITests.swift */; };
/* End PBXBuildFile section */

/* Begin PBXContainerItemProxy section */
		B3F71AA41DDB1BD50082020A /* PBXContainerItemProxy */ = {
			isa = PBXContainerItemProxy;
			containerPortal = B3F71A871DDB1BD40082020A /* Project object */;
			proxyType = 1;
			remoteGlobalIDString = B3F71A8E1DDB1BD40082020A;
			remoteInfo = Image_From_String_OR_URL;
		};
		B3F71AAF1DDB1BD50082020A /* PBXContainerItemProxy */ = {
			isa = PBXContainerItemProxy;
			containerPortal = B3F71A871DDB1BD40082020A /* Project object */;
			proxyType = 1;
			remoteGlobalIDString = B3F71A8E1DDB1BD40082020A;
			remoteInfo = Image_From_String_OR_URL;
		};
/* End PBXContainerItemProxy section */

/* Begin PBXFileReference section */
		B3F71A8F1DDB1BD40082020A /* Image_From_String_OR_URL.app */ = {isa = PBXFileReference; explicitFileType = wrapper.application; includeInIndex = 0; path = Image_From_String_OR_URL.app; sourceTree = BUILT_PRODUCTS_DIR; };
		B3F71A921DDB1BD40082020A /* AppDelegate.swift */ = {isa = PBXFileReference; lastKnownFileType = sourcecode.swift; path = AppDelegate.swift; sourceTree = "<group>"; };
		B3F71A941DDB1BD40082020A /* ViewController.swift */ = {isa = PBXFileReference; lastKnownFileType = sourcecode.swift; path = ViewController.swift; sourceTree = "<group>"; };
		B3F71A971DDB1BD40082020A /* Base */ = {isa = PBXFileReference; lastKnownFileType = file.storyboard; name = Base; path = Base.lproj/Main.storyboard; sourceTree = "<group>"; };
		B3F71A991DDB1BD40082020A /* Assets.xcassets */ = {isa = PBXFileReference; lastKnownFileType = folder.assetcatalog; path = Assets.xcassets; sourceTree = "<group>"; };
		B3F71A9C1DDB1BD40082020A /* Base */ = {isa = PBXFileReference; lastKnownFileType = file.storyboard; name = Base; path = Base.lproj/LaunchScreen.storyboard; sourceTree = "<group>"; };
		B3F71A9E1DDB1BD40082020A /* Info.plist */ = {isa = PBXFileReference; lastKnownFileType = text.plist.xml; path = Info.plist; sourceTree = "<group>"; };
		B3F71AA31DDB1BD50082020A /* Image_From_String_OR_URLTests.xctest */ = {isa = PBXFileReference; explicitFileType = wrapper.cfbundle; includeInIndex = 0; path = Image_From_String_OR_URLTests.xctest; sourceTree = BUILT_PRODUCTS_DIR; };
		B3F71AA71DDB1BD50082020A /* Image_From_String_OR_URLTests.swift */ = {isa = PBXFileReference; lastKnownFileType = sourcecode.swift; path = Image_From_String_OR_URLTests.swift; sourceTree = "<group>"; };
		B3F71AA91DDB1BD50082020A /* Info.plist */ = {isa = PBXFileReference; lastKnownFileType = text.plist.xml; path = Info.plist; sourceTree = "<group>"; };
		B3F71AAE1DDB1BD50082020A /* Image_From_String_OR_URLUITests.xctest */ = {isa = PBXFileReference; explicitFileType = wrapper.cfbundle; includeInIndex = 0; path = Image_From_String_OR_URLUITests.xctest; sourceTree = BUILT_PRODUCTS_DIR; };
		B3F71AB21DDB1BD50082020A /* Image_From_String_OR_URLUITests.swift */ = {isa = PBXFileReference; lastKnownFileType = sourcecode.swift; path = Image_From_String_OR_URLUITests.swift; sourceTree = "<group>"; };
		B3F71AB41DDB1BD50082020A /* Info.plist */ = {isa = PBXFileReference; lastKnownFileType = text.plist.xml; path = Info.plist; sourceTree = "<group>"; };
/* End PBXFileReference section */

/* Begin PBXFrameworksBuildPhase section */
		B3F71A8C1DDB1BD40082020A /* Frameworks */ = {
			isa = PBXFrameworksBuildPhase;
			buildActionMask = 2147483647;
			files = (
			);
			runOnlyForDeploymentPostprocessing = 0;
		};
		B3F71AA01DDB1BD50082020A /* Frameworks */ = {
			isa = PBXFrameworksBuildPhase;
			buildActionMask = 2147483647;
			files = (
			);
			runOnlyForDeploymentPostprocessing = 0;
		};
		B3F71AAB1DDB1BD50082020A /* Frameworks */ = {
			isa = PBXFrameworksBuildPhase;
			buildActionMask = 2147483647;
			files = (
			);
			runOnlyForDeploymentPostprocessing = 0;
		};
/* End PBXFrameworksBuildPhase section */

/* Begin PBXGroup section */
		B3F71A861DDB1BD40082020A = {
			isa = PBXGroup;
			children = (
				B3F71A911DDB1BD40082020A /* Image_From_String_OR_URL */,
				B3F71AA61DDB1BD50082020A /* Image_From_String_OR_URLTests */,
				B3F71AB11DDB1BD50082020A /* Image_From_String_OR_URLUITests */,
				B3F71A901DDB1BD40082020A /* Products */,
			);
			sourceTree = "<group>";
		};
		B3F71A901DDB1BD40082020A /* Products */ = {
			isa = PBXGroup;
			children = (
				B3F71A8F1DDB1BD40082020A /* Image_From_String_OR_URL.app */,
				B3F71AA31DDB1BD50082020A /* Image_From_String_OR_URLTests.xctest */,
				B3F71AAE1DDB1BD50082020A /* Image_From_String_OR_URLUITests.xctest */,
			);
			name = Products;
			sourceTree = "<group>";
		};
		B3F71A911DDB1BD40082020A /* Image_From_String_OR_URL */ = {
			isa = PBXGroup;
			children = (
				B3F71A921DDB1BD40082020A /* AppDelegate.swift */,
				B3F71A941DDB1BD40082020A /* ViewController.swift */,
				B3F71A961DDB1BD40082020A /* Main.storyboard */,
				B3F71A991DDB1BD40082020A /* Assets.xcassets */,
				B3F71A9B1DDB1BD40082020A /* LaunchScreen.storyboard */,
				B3F71A9E1DDB1BD40082020A /* Info.plist */,
			);
			path = Image_From_String_OR_URL;
			sourceTree = "<group>";
		};
		B3F71AA61DDB1BD50082020A /* Image_From_String_OR_URLTests */ = {
			isa = PBXGroup;
			children = (
				B3F71AA71DDB1BD50082020A /* Image_From_String_OR_URLTests.swift */,
				B3F71AA91DDB1BD50082020A /* Info.plist */,
			);
			path = Image_From_String_OR_URLTests;
			sourceTree = "<group>";
		};
		B3F71AB11DDB1BD50082020A /* Image_From_String_OR_URLUITests */ = {
			isa = PBXGroup;
			children = (
				B3F71AB21DDB1BD50082020A /* Image_From_String_OR_URLUITests.swift */,
				B3F71AB41DDB1BD50082020A /* Info.plist */,
			);
			path = Image_From_String_OR_URLUITests;
			sourceTree = "<group>";
		};
/* End PBXGroup section */

/* Begin PBXNativeTarget section */
		B3F71A8E1DDB1BD40082020A /* Image_From_String_OR_URL */ = {
			isa = PBXNativeTarget;
			buildConfigurationList = B3F71AB71DDB1BD50082020A /* Build configuration list for PBXNativeTarget "Image_From_String_OR_URL" */;
			buildPhases = (
				B3F71A8B1DDB1BD40082020A /* Sources */,
				B3F71A8C1DDB1BD40082020A /* Frameworks */,
				B3F71A8D1DDB1BD40082020A /* Resources */,
			);
			buildRules = (
			);
			dependencies = (
			);
			name = Image_From_String_OR_URL;
			productName = Image_From_String_OR_URL;
			productReference = B3F71A8F1DDB1BD40082020A /* Image_From_String_OR_URL.app */;
			productType = "com.apple.product-type.application";
		};
		B3F71AA21DDB1BD50082020A /* Image_From_String_OR_URLTests */ = {
			isa = PBXNativeTarget;
			buildConfigurationList = B3F71ABA1DDB1BD50082020A /* Build configuration list for PBXNativeTarget "Image_From_String_OR_URLTests" */;
			buildPhases = (
				B3F71A9F1DDB1BD50082020A /* Sources */,
				B3F71AA01DDB1BD50082020A /* Frameworks */,
				B3F71AA11DDB1BD50082020A /* Resources */,
			);
			buildRules = (
			);
			dependencies = (
				B3F71AA51DDB1BD50082020A /* PBXTargetDependency */,
			);
			name = Image_From_String_OR_URLTests;
			productName = Image_From_String_OR_URLTests;
			productReference = B3F71AA31DDB1BD50082020A /* Image_From_String_OR_URLTests.xctest */;
			productType = "com.apple.product-type.bundle.unit-test";
		};
		B3F71AAD1DDB1BD50082020A /* Image_From_String_OR_URLUITests */ = {
			isa = PBXNativeTarget;
			buildConfigurationList = B3F71ABD1DDB1BD50082020A /* Build configuration list for PBXNativeTarget "Image_From_String_OR_URLUITests" */;
			buildPhases = (
				B3F71AAA1DDB1BD50082020A /* Sources */,
				B3F71AAB1DDB1BD50082020A /* Frameworks */,
				B3F71AAC1DDB1BD50082020A /* Resources */,
			);
			buildRules = (
			);
			dependencies = (
				B3F71AB01DDB1BD50082020A /* PBXTargetDependency */,
			);
			name = Image_From_String_OR_URLUITests;
			productName = Image_From_String_OR_URLUITests;
			productReference = B3F71AAE1DDB1BD50082020A /* Image_From_String_OR_URLUITests.xctest */;
			productType = "com.apple.product-type.bundle.ui-testing";
		};
/* End PBXNativeTarget section */

/* Begin PBXProject section */
		B3F71A871DDB1BD40082020A /* Project object */ = {
			isa = PBXProject;
			attributes = {
				LastSwiftUpdateCheck = 0800;
				LastUpgradeCheck = 0800;
				ORGANIZATIONNAME = Leo;
				TargetAttributes = {
					B3F71A8E1DDB1BD40082020A = {
						CreatedOnToolsVersion = 8.0;
						ProvisioningStyle = Automatic;
					};
					B3F71AA21DDB1BD50082020A = {
						CreatedOnToolsVersion = 8.0;
						ProvisioningStyle = Automatic;
						TestTargetID = B3F71A8E1DDB1BD40082020A;
					};
					B3F71AAD1DDB1BD50082020A = {
						CreatedOnToolsVersion = 8.0;
						ProvisioningStyle = Automatic;
						TestTargetID = B3F71A8E1DDB1BD40082020A;
					};
				};
			};
			buildConfigurationList = B3F71A8A1DDB1BD40082020A /* Build configuration list for PBXProject "Image_From_String_OR_URL" */;
			compatibilityVersion = "Xcode 3.2";
			developmentRegion = English;
			hasScannedForEncodings = 0;
			knownRegions = (
				en,
				Base,
			);
			mainGroup = B3F71A861DDB1BD40082020A;
			productRefGroup = B3F71A901DDB1BD40082020A /* Products */;
			projectDirPath = "";
			projectRoot = "";
			targets = (
				B3F71A8E1DDB1BD40082020A /* Image_From_String_OR_URL */,
				B3F71AA21DDB1BD50082020A /* Image_From_String_OR_URLTests */,
				B3F71AAD1DDB1BD50082020A /* Image_From_String_OR_URLUITests */,
			);
		};
/* End PBXProject section */

/* Begin PBXResourcesBuildPhase section */
		B3F71A8D1DDB1BD40082020A /* Resources */ = {
			isa = PBXResourcesBuildPhase;
			buildActionMask = 2147483647;
			files = (
				B3F71A9D1DDB1BD40082020A /* LaunchScreen.storyboard in Resources */,
				B3F71A9A1DDB1BD40082020A /* Assets.xcassets in Resources */,
				B3F71A981DDB1BD40082020A /* Main.storyboard in Resources */,
			);
			runOnlyForDeploymentPostprocessing = 0;
		};
		B3F71AA11DDB1BD50082020A /* Resources */ = {
			isa = PBXResourcesBuildPhase;
			buildActionMask = 2147483647;
			files = (
			);
			runOnlyForDeploymentPostprocessing = 0;
		};
		B3F71AAC1DDB1BD50082020A /* Resources */ = {
			isa = PBXResourcesBuildPhase;
			buildActionMask = 2147483647;
			files = (
			);
			runOnlyForDeploymentPostprocessing = 0;
		};
/* End PBXResourcesBuildPhase section */

/* Begin PBXSourcesBuildPhase section */
		B3F71A8B1DDB1BD40082020A /* Sources */ = {
			isa = PBXSourcesBuildPhase;
			buildActionMask = 2147483647;
			files = (
				B3F71A951DDB1BD40082020A /* ViewController.swift in Sources */,
				B3F71A931DDB1BD40082020A /* AppDelegate.swift in Sources */,
			);
			runOnlyForDeploymentPostprocessing = 0;
		};
		B3F71A9F1DDB1BD50082020A /* Sources */ = {
			isa = PBXSourcesBuildPhase;
			buildActionMask = 2147483647;
			files = (
				B3F71AA81DDB1BD50082020A /* Image_From_String_OR_URLTests.swift in Sources */,
			);
			runOnlyForDeploymentPostprocessing = 0;
		};
		B3F71AAA1DDB1BD50082020A /* Sources */ = {
			isa = PBXSourcesBuildPhase;
			buildActionMask = 2147483647;
			files = (
				B3F71AB31DDB1BD50082020A /* Image_From_String_OR_URLUITests.swift in Sources */,
			);
			runOnlyForDeploymentPostprocessing = 0;
		};
/* End PBXSourcesBuildPhase section */

/* Begin PBXTargetDependency section */
		B3F71AA51DDB1BD50082020A /* PBXTargetDependency */ = {
			isa = PBXTargetDependency;
			target = B3F71A8E1DDB1BD40082020A /* Image_From_String_OR_URL */;
			targetProxy = B3F71AA41DDB1BD50082020A /* PBXContainerItemProxy */;
		};
		B3F71AB01DDB1BD50082020A /* PBXTargetDependency */ = {
			isa = PBXTargetDependency;
			target = B3F71A8E1DDB1BD40082020A /* Image_From_String_OR_URL */;
			targetProxy = B3F71AAF1DDB1BD50082020A /* PBXContainerItemProxy */;
		};
/* End PBXTargetDependency section */

/* Begin PBXVariantGroup section */
		B3F71A961DDB1BD40082020A /* Main.storyboard */ = {
			isa = PBXVariantGroup;
			children = (
				B3F71A971DDB1BD40082020A /* Base */,
			);
			name = Main.storyboard;
			sourceTree = "<group>";
		};
		B3F71A9B1DDB1BD40082020A /* LaunchScreen.storyboard */ = {
			isa = PBXVariantGroup;
			children = (
				B3F71A9C1DDB1BD40082020A /* Base */,
			);
			name = LaunchScreen.storyboard;
			sourceTree = "<group>";
		};
/* End PBXVariantGroup section */

/* Begin XCBuildConfiguration section */
		B3F71AB51DDB1BD50082020A /* Debug */ = {
			isa = XCBuildConfiguration;
			buildSettings = {
				ALWAYS_SEARCH_USER_PATHS = NO;
				CLANG_ANALYZER_NONNULL = YES;
				CLANG_CXX_LANGUAGE_STANDARD = "gnu++0x";
				CLANG_CXX_LIBRARY = "libc++";
				CLANG_ENABLE_MODULES = YES;
				CLANG_ENABLE_OBJC_ARC = YES;
				CLANG_WARN_BOOL_CONVERSION = YES;
				CLANG_WARN_CONSTANT_CONVERSION = YES;
				CLANG_WARN_DIRECT_OBJC_ISA_USAGE = YES_ERROR;
				CLANG_WARN_DOCUMENTATION_COMMENTS = YES;
				CLANG_WARN_EMPTY_BODY = YES;
				CLANG_WARN_ENUM_CONVERSION = YES;
				CLANG_WARN_INFINITE_RECURSION = YES;
				CLANG_WARN_INT_CONVERSION = YES;
				CLANG_WARN_OBJC_ROOT_CLASS = YES_ERROR;
				CLANG_WARN_SUSPICIOUS_MOVES = YES;
				CLANG_WARN_UNREACHABLE_CODE = YES;
				CLANG_WARN__DUPLICATE_METHOD_MATCH = YES;
				"CODE_SIGN_IDENTITY[sdk=iphoneos*]" = "iPhone Developer";
				COPY_PHASE_STRIP = NO;
				DEBUG_INFORMATION_FORMAT = dwarf;
				ENABLE_STRICT_OBJC_MSGSEND = YES;
				ENABLE_TESTABILITY = YES;
				GCC_C_LANGUAGE_STANDARD = gnu99;
				GCC_DYNAMIC_NO_PIC = NO;
				GCC_NO_COMMON_BLOCKS = YES;
				GCC_OPTIMIZATION_LEVEL = 0;
				GCC_PREPROCESSOR_DEFINITIONS = (
					"DEBUG=1",
					"$(inherited)",
				);
				GCC_WARN_64_TO_32_BIT_CONVERSION = YES;
				GCC_WARN_ABOUT_RETURN_TYPE = YES_ERROR;
				GCC_WARN_UNDECLARED_SELECTOR = YES;
				GCC_WARN_UNINITIALIZED_AUTOS = YES_AGGRESSIVE;
				GCC_WARN_UNUSED_FUNCTION = YES;
				GCC_WARN_UNUSED_VARIABLE = YES;
				IPHONEOS_DEPLOYMENT_TARGET = 10.0;
				MTL_ENABLE_DEBUG_INFO = YES;
				ONLY_ACTIVE_ARCH = YES;
				SDKROOT = iphoneos;
				SWIFT_ACTIVE_COMPILATION_CONDITIONS = DEBUG;
				SWIFT_OPTIMIZATION_LEVEL = "-Onone";
				TARGETED_DEVICE_FAMILY = "1,2";
			};
			name = Debug;
		};
		B3F71AB61DDB1BD50082020A /* Release */ = {
			isa = XCBuildConfiguration;
			buildSettings = {
				ALWAYS_SEARCH_USER_PATHS = NO;
				CLANG_ANALYZER_NONNULL = YES;
				CLANG_CXX_LANGUAGE_STANDARD = "gnu++0x";
				CLANG_CXX_LIBRARY = "libc++";
				CLANG_ENABLE_MODULES = YES;
				CLANG_ENABLE_OBJC_ARC = YES;
				CLANG_WARN_BOOL_CONVERSION = YES;
				CLANG_WARN_CONSTANT_CONVERSION = YES;
				CLANG_WARN_DIRECT_OBJC_ISA_USAGE = YES_ERROR;
				CLANG_WARN_DOCUMENTATION_COMMENTS = YES;
				CLANG_WARN_EMPTY_BODY = YES;
				CLANG_WARN_ENUM_CONVERSION = YES;
				CLANG_WARN_INFINITE_RECURSION = YES;
				CLANG_WARN_INT_CONVERSION = YES;
				CLANG_WARN_OBJC_ROOT_CLASS = YES_ERROR;
				CLANG_WARN_SUSPICIOUS_MOVES = YES;
				CLANG_WARN_UNREACHABLE_CODE = YES;
				CLANG_WARN__DUPLICATE_METHOD_MATCH = YES;
				"CODE_SIGN_IDENTITY[sdk=iphoneos*]" = "iPhone Developer";
				COPY_PHASE_STRIP = NO;
				DEBUG_INFORMATION_FORMAT = "dwarf-with-dsym";
				ENABLE_NS_ASSERTIONS = NO;
				ENABLE_STRICT_OBJC_MSGSEND = YES;
				GCC_C_LANGUAGE_STANDARD = gnu99;
				GCC_NO_COMMON_BLOCKS = YES;
				GCC_WARN_64_TO_32_BIT_CONVERSION = YES;
				GCC_WARN_ABOUT_RETURN_TYPE = YES_ERROR;
				GCC_WARN_UNDECLARED_SELECTOR = YES;
				GCC_WARN_UNINITIALIZED_AUTOS = YES_AGGRESSIVE;
				GCC_WARN_UNUSED_FUNCTION = YES;
				GCC_WARN_UNUSED_VARIABLE = YES;
				IPHONEOS_DEPLOYMENT_TARGET = 10.0;
				MTL_ENABLE_DEBUG_INFO = NO;
				SDKROOT = iphoneos;
				SWIFT_OPTIMIZATION_LEVEL = "-Owholemodule";
				TARGETED_DEVICE_FAMILY = "1,2";
				VALIDATE_PRODUCT = YES;
			};
			name = Release;
		};
		B3F71AB81DDB1BD50082020A /* Debug */ = {
			isa = XCBuildConfiguration;
			buildSettings = {
				ASSETCATALOG_COMPILER_APPICON_NAME = AppIcon;
				INFOPLIST_FILE = Image_From_String_OR_URL/Info.plist;
				LD_RUNPATH_SEARCH_PATHS = "$(inherited) @executable_path/Frameworks";
				PRODUCT_BUNDLE_IDENTIFIER = "Leo.Image-From-String-OR-URL";
				PRODUCT_NAME = "$(TARGET_NAME)";
				SWIFT_VERSION = 3.0;
			};
			name = Debug;
		};
		B3F71AB91DDB1BD50082020A /* Release */ = {
			isa = XCBuildConfiguration;
			buildSettings = {
				ASSETCATALOG_COMPILER_APPICON_NAME = AppIcon;
				INFOPLIST_FILE = Image_From_String_OR_URL/Info.plist;
				LD_RUNPATH_SEARCH_PATHS = "$(inherited) @executable_path/Frameworks";
				PRODUCT_BUNDLE_IDENTIFIER = "Leo.Image-From-String-OR-URL";
				PRODUCT_NAME = "$(TARGET_NAME)";
				SWIFT_VERSION = 3.0;
			};
			name = Release;
		};
		B3F71ABB1DDB1BD50082020A /* Debug */ = {
			isa = XCBuildConfiguration;
			buildSettings = {
				ALWAYS_EMBED_SWIFT_STANDARD_LIBRARIES = YES;
				BUNDLE_LOADER = "$(TEST_HOST)";
				INFOPLIST_FILE = Image_From_String_OR_URLTests/Info.plist;
				LD_RUNPATH_SEARCH_PATHS = "$(inherited) @executable_path/Frameworks @loader_path/Frameworks";
				PRODUCT_BUNDLE_IDENTIFIER = "Leo.Image-From-String-OR-URLTests";
				PRODUCT_NAME = "$(TARGET_NAME)";
				SWIFT_VERSION = 3.0;
				TEST_HOST = "$(BUILT_PRODUCTS_DIR)/Image_From_String_OR_URL.app/Image_From_String_OR_URL";
			};
			name = Debug;
		};
		B3F71ABC1DDB1BD50082020A /* Release */ = {
			isa = XCBuildConfiguration;
			buildSettings = {
				ALWAYS_EMBED_SWIFT_STANDARD_LIBRARIES = YES;
				BUNDLE_LOADER = "$(TEST_HOST)";
				INFOPLIST_FILE = Image_From_String_OR_URLTests/Info.plist;
				LD_RUNPATH_SEARCH_PATHS = "$(inherited) @executable_path/Frameworks @loader_path/Frameworks";
				PRODUCT_BUNDLE_IDENTIFIER = "Leo.Image-From-String-OR-URLTests";
				PRODUCT_NAME = "$(TARGET_NAME)";
				SWIFT_VERSION = 3.0;
				TEST_HOST = "$(BUILT_PRODUCTS_DIR)/Image_From_String_OR_URL.app/Image_From_String_OR_URL";
			};
			name = Release;
		};
		B3F71ABE1DDB1BD50082020A /* Debug */ = {
			isa = XCBuildConfiguration;
			buildSettings = {
				ALWAYS_EMBED_SWIFT_STANDARD_LIBRARIES = YES;
				INFOPLIST_FILE = Image_From_String_OR_URLUITests/Info.plist;
				LD_RUNPATH_SEARCH_PATHS = "$(inherited) @executable_path/Frameworks @loader_path/Frameworks";
				PRODUCT_BUNDLE_IDENTIFIER = "Leo.Image-From-String-OR-URLUITests";
				PRODUCT_NAME = "$(TARGET_NAME)";
				SWIFT_VERSION = 3.0;
				TEST_TARGET_NAME = Image_From_String_OR_URL;
			};
			name = Debug;
		};
		B3F71ABF1DDB1BD50082020A /* Release */ = {
			isa = XCBuildConfiguration;
			buildSettings = {
				ALWAYS_EMBED_SWIFT_STANDARD_LIBRARIES = YES;
				INFOPLIST_FILE = Image_From_String_OR_URLUITests/Info.plist;
				LD_RUNPATH_SEARCH_PATHS = "$(inherited) @executable_path/Frameworks @loader_path/Frameworks";
				PRODUCT_BUNDLE_IDENTIFIER = "Leo.Image-From-String-OR-URLUITests";
				PRODUCT_NAME = "$(TARGET_NAME)";
				SWIFT_VERSION = 3.0;
				TEST_TARGET_NAME = Image_From_String_OR_URL;
			};
			name = Release;
		};
/* End XCBuildConfiguration section */

/* Begin XCConfigurationList section */
		B3F71A8A1DDB1BD40082020A /* Build configuration list for PBXProject "Image_From_String_OR_URL" */ = {
			isa = XCConfigurationList;
			buildConfigurations = (
				B3F71AB51DDB1BD50082020A /* Debug */,
				B3F71AB61DDB1BD50082020A /* Release */,
			);
			defaultConfigurationIsVisible = 0;
			defaultConfigurationName = Release;
		};
		B3F71AB71DDB1BD50082020A /* Build configuration list for PBXNativeTarget "Image_From_String_OR_URL" */ = {
			isa = XCConfigurationList;
			buildConfigurations = (
				B3F71AB81DDB1BD50082020A /* Debug */,
				B3F71AB91DDB1BD50082020A /* Release */,
			);
			defaultConfigurationIsVisible = 0;
		};
		B3F71ABA1DDB1BD50082020A /* Build configuration list for PBXNativeTarget "Image_From_String_OR_URLTests" */ = {
			isa = XCConfigurationList;
			buildConfigurations = (
				B3F71ABB1DDB1BD50082020A /* Debug */,
				B3F71ABC1DDB1BD50082020A /* Release */,
			);
			defaultConfigurationIsVisible = 0;
		};
		B3F71ABD1DDB1BD50082020A /* Build configuration list for PBXNativeTarget "Image_From_String_OR_URLUITests" */ = {
			isa = XCConfigurationList;
			buildConfigurations = (
				B3F71ABE1DDB1BD50082020A /* Debug */,
				B3F71ABF1DDB1BD50082020A /* Release */,
			);
			defaultConfigurationIsVisible = 0;
		};
/* End XCConfigurationList section */
	};
	rootObject = B3F71A871DDB1BD40082020A /* Project object */;
}
